
Microsoft Visual Studio Solution File, Format Version 12.00
# Visual Studio Version 16
VisualStudioVersion = 16.0.30717.126
MinimumVisualStudioVersion = 10.0.40219.1
Project("{FAE04EC0-301F-11D3-BF4B-00C04F79EFBC}") = "SlamCrasher", "SlamCrasher\SlamCrasher.csproj", "{08816DD8-49F7-4D3D-8395-1D8A9676A17E}"
EndProject
Global
	GlobalSection(SolutionConfigurationPlatforms) = preSolution
		Debug|Any CPU = Debug|Any CPU
		Release|Any CPU = Release|Any CPU
	EndGlobalSection
	GlobalSection(ProjectConfigurationPlatforms) = postSolution
		{08816DD8-49F7-4D3D-8395-1D8A9676A17E}.Debug|Any CPU.ActiveCfg = Debug|Any CPU
		{08816DD8-49F7-4D3D-8395-1D8A9676A17E}.Debug|Any CPU.Build.0 = Debug|Any CPU
		{08816DD8-49F7-4D3D-8395-1D8A9676A17E}.Release|Any CPU.ActiveCfg = Release|Any CPU
		{08816DD8-49F7-4D3D-8395-1D8A9676A17E}.Release|Any CPU.Build.0 = Release|Any CPU
	EndGlobalSection
	GlobalSection(SolutionProperties) = preSolution
		HideSolutionNode = FALSE
	EndGlobalSection
	GlobalSection(ExtensibilityGlobals) = postSolution
		SolutionGuid = {B57B4C64-7D5B-44D2-AF01-9E751180EB46}
	EndGlobalSection
EndGlobal
